// !$*UTF8*$!
{
	archiveVersion = 1;
	classes = {
	};
	objectVersion = 46;
	objects = {

/* Begin PBXBuildFile section */
		A8F479551CB0B1D100557B44 /* AppDelegate.swift in Sources */ = {isa = PBXBuildFile; fileRef = A8F479541CB0B1D100557B44 /* AppDelegate.swift */; };
		A8F479571CB0B1D100557B44 /* ViewController.swift in Sources */ = {isa = PBXBuildFile; fileRef = A8F479561CB0B1D100557B44 /* ViewController.swift */; };
		A8F4795A1CB0B1D100557B44 /* Main.storyboard in Resources */ = {isa = PBXBuildFile; fileRef = A8F479581CB0B1D100557B44 /* Main.storyboard */; };
		A8F4795C1CB0B1D100557B44 /* Assets.xcassets in Resources */ = {isa = PBXBuildFile; fileRef = A8F4795B1CB0B1D100557B44 /* Assets.xcassets */; };
		A8F4795F1CB0B1D100557B44 /* LaunchScreen.storyboard in Resources */ = {isa = PBXBuildFile; fileRef = A8F4795D1CB0B1D100557B44 /* LaunchScreen.storyboard */; };
		A8F479671CB0B4EA00557B44 /* Character.swift in Sources */ = {isa = PBXBuildFile; fileRef = A8F479661CB0B4EA00557B44 /* Character.swift */; };
		A8F479691CB0BB8E00557B44 /* Player.swift in Sources */ = {isa = PBXBuildFile; fileRef = A8F479681CB0BB8E00557B44 /* Player.swift */; };
		A8F4796B1CB0BFEA00557B44 /* Enemy.swift in Sources */ = {isa = PBXBuildFile; fileRef = A8F4796A1CB0BFEA00557B44 /* Enemy.swift */; };
		A8F4796D1CB0E63800557B44 /* Kumara.swift in Sources */ = {isa = PBXBuildFile; fileRef = A8F4796C1CB0E63800557B44 /* Kumara.swift */; };
		A8F4796F1CB1717100557B44 /* DevilWizard.swift in Sources */ = {isa = PBXBuildFile; fileRef = A8F4796E1CB1717100557B44 /* DevilWizard.swift */; };
/* End PBXBuildFile section */

/* Begin PBXFileReference section */
		A8F479511CB0B1D100557B44 /* RGPOOP.app */ = {isa = PBXFileReference; explicitFileType = wrapper.application; includeInIndex = 0; path = RGPOOP.app; sourceTree = BUILT_PRODUCTS_DIR; };
		A8F479541CB0B1D100557B44 /* AppDelegate.swift */ = {isa = PBXFileReference; lastKnownFileType = sourcecode.swift; path = AppDelegate.swift; sourceTree = "<group>"; };
		A8F479561CB0B1D100557B44 /* ViewController.swift */ = {isa = PBXFileReference; lastKnownFileType = sourcecode.swift; path = ViewController.swift; sourceTree = "<group>"; };
		A8F479591CB0B1D100557B44 /* Base */ = {isa = PBXFileReference; lastKnownFileType = file.storyboard; name = Base; path = Base.lproj/Main.storyboard; sourceTree = "<group>"; };
		A8F4795B1CB0B1D100557B44 /* Assets.xcassets */ = {isa = PBXFileReference; lastKnownFileType = folder.assetcatalog; path = Assets.xcassets; sourceTree = "<group>"; };
		A8F4795E1CB0B1D100557B44 /* Base */ = {isa = PBXFileReference; lastKnownFileType = file.storyboard; name = Base; path = Base.lproj/LaunchScreen.storyboard; sourceTree = "<group>"; };
		A8F479601CB0B1D100557B44 /* Info.plist */ = {isa = PBXFileReference; lastKnownFileType = text.plist.xml; path = Info.plist; sourceTree = "<group>"; };
		A8F479661CB0B4EA00557B44 /* Character.swift */ = {isa = PBXFileReference; fileEncoding = 4; lastKnownFileType = sourcecode.swift; path = Character.swift; sourceTree = "<group>"; };
		A8F479681CB0BB8E00557B44 /* Player.swift */ = {isa = PBXFileReference; fileEncoding = 4; lastKnownFileType = sourcecode.swift; path = Player.swift; sourceTree = "<group>"; };
		A8F4796A1CB0BFEA00557B44 /* Enemy.swift */ = {isa = PBXFileReference; fileEncoding = 4; lastKnownFileType = sourcecode.swift; path = Enemy.swift; sourceTree = "<group>"; };
		A8F4796C1CB0E63800557B44 /* Kumara.swift */ = {isa = PBXFileReference; fileEncoding = 4; lastKnownFileType = sourcecode.swift; path = Kumara.swift; sourceTree = "<group>"; };
		A8F4796E1CB1717100557B44 /* DevilWizard.swift */ = {isa = PBXFileReference; fileEncoding = 4; lastKnownFileType = sourcecode.swift; path = DevilWizard.swift; sourceTree = "<group>"; };
/* End PBXFileReference section */

/* Begin PBXFrameworksBuildPhase section */
		A8F4794E1CB0B1D100557B44 /* Frameworks */ = {
			isa = PBXFrameworksBuildPhase;
			buildActionMask = 2147483647;
			files = (
			);
			runOnlyForDeploymentPostprocessing = 0;
		};
/* End PBXFrameworksBuildPhase section */

/* Begin PBXGroup section */
		A8F479481CB0B1D100557B44 = {
			isa = PBXGroup;
			children = (
				A8F479531CB0B1D100557B44 /* RGPOOP */,
				A8F479521CB0B1D100557B44 /* Products */,
			);
			sourceTree = "<group>";
		};
		A8F479521CB0B1D100557B44 /* Products */ = {
			isa = PBXGroup;
			children = (
				A8F479511CB0B1D100557B44 /* RGPOOP.app */,
			);
			name = Products;
			sourceTree = "<group>";
		};
		A8F479531CB0B1D100557B44 /* RGPOOP */ = {
			isa = PBXGroup;
			children = (
				A8F479541CB0B1D100557B44 /* AppDelegate.swift */,
				A8F479561CB0B1D100557B44 /* ViewController.swift */,
				A8F479661CB0B4EA00557B44 /* Character.swift */,
				A8F479681CB0BB8E00557B44 /* Player.swift */,
				A8F4796A1CB0BFEA00557B44 /* Enemy.swift */,
				A8F4796C1CB0E63800557B44 /* Kumara.swift */,
				A8F4796E1CB1717100557B44 /* DevilWizard.swift */,
				A8F479581CB0B1D100557B44 /* Main.storyboard */,
				A8F4795B1CB0B1D100557B44 /* Assets.xcassets */,
				A8F4795D1CB0B1D100557B44 /* LaunchScreen.storyboard */,
				A8F479601CB0B1D100557B44 /* Info.plist */,
			);
			path = RGPOOP;
			sourceTree = "<group>";
		};
/* End PBXGroup section */

/* Begin PBXNativeTarget section */
		A8F479501CB0B1D100557B44 /* RGPOOP */ = {
			isa = PBXNativeTarget;
			buildConfigurationList = A8F479631CB0B1D100557B44 /* Build configuration list for PBXNativeTarget "RGPOOP" */;
			buildPhases = (
				A8F4794D1CB0B1D100557B44 /* Sources */,
				A8F4794E1CB0B1D100557B44 /* Frameworks */,
				A8F4794F1CB0B1D100557B44 /* Resources */,
			);
			buildRules = (
			);
			dependencies = (
			);
			name = RGPOOP;
			productName = RGPOOP;
			productReference = A8F479511CB0B1D100557B44 /* RGPOOP.app */;
			productType = "com.apple.product-type.application";
		};
/* End PBXNativeTarget section */

/* Begin PBXProject section */
		A8F479491CB0B1D100557B44 /* Project object */ = {
			isa = PBXProject;
			attributes = {
				LastSwiftUpdateCheck = 0730;
				LastUpgradeCheck = 0730;
				ORGANIZATIONNAME = "Matt Deuschle";
				TargetAttributes = {
					A8F479501CB0B1D100557B44 = {
						CreatedOnToolsVersion = 7.3;
					};
				};
			};
			buildConfigurationList = A8F4794C1CB0B1D100557B44 /* Build configuration list for PBXProject "RGPOOP" */;
			compatibilityVersion = "Xcode 3.2";
			developmentRegion = English;
			hasScannedForEncodings = 0;
			knownRegions = (
				en,
				Base,
			);
			mainGroup = A8F479481CB0B1D100557B44;
			productRefGroup = A8F479521CB0B1D100557B44 /* Products */;
			projectDirPath = "";
			projectRoot = "";
			targets = (
				A8F479501CB0B1D100557B44 /* RGPOOP */,
			);
		};
/* End PBXProject section */

/* Begin PBXResourcesBuildPhase section */
		A8F4794F1CB0B1D100557B44 /* Resources */ = {
			isa = PBXResourcesBuildPhase;
			buildActionMask = 2147483647;
			files = (
				A8F4795F1CB0B1D100557B44 /* LaunchScreen.storyboard in Resources */,
				A8F4795C1CB0B1D100557B44 /* Assets.xcassets in Resources */,
				A8F4795A1CB0B1D100557B44 /* Main.storyboard in Resources */,
			);
			runOnlyForDeploymentPostprocessing = 0;
		};
/* End PBXResourcesBuildPhase section */

/* Begin PBXSourcesBuildPhase section */
		A8F4794D1CB0B1D100557B44 /* Sources */ = {
			isa = PBXSourcesBuildPhase;
			buildActionMask = 2147483647;
			files = (
				A8F479691CB0BB8E00557B44 /* Player.swift in Sources */,
				A8F4796B1CB0BFEA00557B44 /* Enemy.swift in Sources */,
				A8F4796F1CB1717100557B44 /* DevilWizard.swift in Sources */,
				A8F479671CB0B4EA00557B44 /* Character.swift in Sources */,
				A8F479571CB0B1D100557B44 /* ViewController.swift in Sources */,
				A8F4796D1CB0E63800557B44 /* Kumara.swift in Sources */,
				A8F479551CB0B1D100557B44 /* AppDelegate.swift in Sources */,
			);
			runOnlyForDeploymentPostprocessing = 0;
		};
/* End PBXSourcesBuildPhase section */

/* Begin PBXVariantGroup section */
		A8F479581CB0B1D100557B44 /* Main.storyboard */ = {
			isa = PBXVariantGroup;
			children = (
				A8F479591CB0B1D100557B44 /* Base */,
			);
			name = Main.storyboard;
			sourceTree = "<group>";
		};
		A8F4795D1CB0B1D100557B44 /* LaunchScreen.storyboard */ = {
			isa = PBXVariantGroup;
			children = (
				A8F4795E1CB0B1D100557B44 /* Base */,
			);
			name = LaunchScreen.storyboard;
			sourceTree = "<group>";
		};
/* End PBXVariantGroup section */

/* Begin XCBuildConfiguration section */
		A8F479611CB0B1D100557B44 /* Debug */ = {
			isa = XCBuildConfiguration;
			buildSettings = {
				ALWAYS_SEARCH_USER_PATHS = NO;
				CLANG_ANALYZER_NONNULL = YES;
				CLANG_CXX_LANGUAGE_STANDARD = "gnu++0x";
				CLANG_CXX_LIBRARY = "libc++";
				CLANG_ENABLE_MODULES = YES;
				CLANG_ENABLE_OBJC_ARC = YES;
				CLANG_WARN_BOOL_CONVERSION = YES;
				CLANG_WARN_CONSTANT_CONVERSION = YES;
				CLANG_WARN_DIRECT_OBJC_ISA_USAGE = YES_ERROR;
				CLANG_WARN_EMPTY_BODY = YES;
				CLANG_WARN_ENUM_CONVERSION = YES;
				CLANG_WARN_INT_CONVERSION = YES;
				CLANG_WARN_OBJC_ROOT_CLASS = YES_ERROR;
				CLANG_WARN_UNREACHABLE_CODE = YES;
				CLANG_WARN__DUPLICATE_METHOD_MATCH = YES;
				"CODE_SIGN_IDENTITY[sdk=iphoneos*]" = "iPhone Developer";
				COPY_PHASE_STRIP = NO;
				DEBUG_INFORMATION_FORMAT = dwarf;
				ENABLE_STRICT_OBJC_MSGSEND = YES;
				ENABLE_TESTABILITY = YES;
				GCC_C_LANGUAGE_STANDARD = gnu99;
				GCC_DYNAMIC_NO_PIC = NO;
				GCC_NO_COMMON_BLOCKS = YES;
				GCC_OPTIMIZATION_LEVEL = 0;
				GCC_PREPROCESSOR_DEFINITIONS = (
					"DEBUG=1",
					"$(inherited)",
				);
				GCC_WARN_64_TO_32_BIT_CONVERSION = YES;
				GCC_WARN_ABOUT_RETURN_TYPE = YES_ERROR;
				GCC_WARN_UNDECLARED_SELECTOR = YES;
				GCC_WARN_UNINITIALIZED_AUTOS = YES_AGGRESSIVE;
				GCC_WARN_UNUSED_FUNCTION = YES;
				GCC_WARN_UNUSED_VARIABLE = YES;
				IPHONEOS_DEPLOYMENT_TARGET = 9.3;
				MTL_ENABLE_DEBUG_INFO = YES;
				ONLY_ACTIVE_ARCH = YES;
				SDKROOT = iphoneos;
				SWIFT_OPTIMIZATION_LEVEL = "-Onone";
				TARGETED_DEVICE_FAMILY = "1,2";
			};
			name = Debug;
		};
		A8F479621CB0B1D100557B44 /* Release */ = {
			isa = XCBuildConfiguration;
			buildSettings = {
				ALWAYS_SEARCH_USER_PATHS = NO;
				CLANG_ANALYZER_NONNULL = YES;
				CLANG_CXX_LANGUAGE_STANDARD = "gnu++0x";
				CLANG_CXX_LIBRARY = "libc++";
				CLANG_ENABLE_MODULES = YES;
				CLANG_ENABLE_OBJC_ARC = YES;
				CLANG_WARN_BOOL_CONVERSION = YES;
				CLANG_WARN_CONSTANT_CONVERSION = YES;
				CLANG_WARN_DIRECT_OBJC_ISA_USAGE = YES_ERROR;
				CLANG_WARN_EMPTY_BODY = YES;
				CLANG_WARN_ENUM_CONVERSION = YES;
				CLANG_WARN_INT_CONVERSION = YES;
				CLANG_WARN_OBJC_ROOT_CLASS = YES_ERROR;
				CLANG_WARN_UNREACHABLE_CODE = YES;
				CLANG_WARN__DUPLICATE_METHOD_MATCH = YES;
				"CODE_SIGN_IDENTITY[sdk=iphoneos*]" = "iPhone Developer";
				COPY_PHASE_STRIP = NO;
				DEBUG_INFORMATION_FORMAT = "dwarf-with-dsym";
				ENABLE_NS_ASSERTIONS = NO;
				ENABLE_STRICT_OBJC_MSGSEND = YES;
				GCC_C_LANGUAGE_STANDARD = gnu99;
				GCC_NO_COMMON_BLOCKS = YES;
				GCC_WARN_64_TO_32_BIT_CONVERSION = YES;
				GCC_WARN_ABOUT_RETURN_TYPE = YES_ERROR;
				GCC_WARN_UNDECLARED_SELECTOR = YES;
				GCC_WARN_UNINITIALIZED_AUTOS = YES_AGGRESSIVE;
				GCC_WARN_UNUSED_FUNCTION = YES;
				GCC_WARN_UNUSED_VARIABLE = YES;
				IPHONEOS_DEPLOYMENT_TARGET = 9.3;
				MTL_ENABLE_DEBUG_INFO = NO;
				SDKROOT = iphoneos;
				TARGETED_DEVICE_FAMILY = "1,2";
				VALIDATE_PRODUCT = YES;
			};
			name = Release;
		};
		A8F479641CB0B1D100557B44 /* Debug */ = {
			isa = XCBuildConfiguration;
			buildSettings = {
				ASSETCATALOG_COMPILER_APPICON_NAME = AppIcon;
				INFOPLIST_FILE = RGPOOP/Info.plist;
				LD_RUNPATH_SEARCH_PATHS = "$(inherited) @executable_path/Frameworks";
				PRODUCT_BUNDLE_IDENTIFIER = mattdeuschle.RGPOOP;
				PRODUCT_NAME = "$(TARGET_NAME)";
			};
			name = Debug;
		};
		A8F479651CB0B1D100557B44 /* Release */ = {
			isa = XCBuildConfiguration;
			buildSettings = {
				ASSETCATALOG_COMPILER_APPICON_NAME = AppIcon;
				INFOPLIST_FILE = RGPOOP/Info.plist;
				LD_RUNPATH_SEARCH_PATHS = "$(inherited) @executable_path/Frameworks";
				PRODUCT_BUNDLE_IDENTIFIER = mattdeuschle.RGPOOP;
				PRODUCT_NAME = "$(TARGET_NAME)";
			};
			name = Release;
		};
/* End XCBuildConfiguration section */

/* Begin XCConfigurationList section */
		A8F4794C1CB0B1D100557B44 /* Build configuration list for PBXProject "RGPOOP" */ = {
			isa = XCConfigurationList;
			buildConfigurations = (
				A8F479611CB0B1D100557B44 /* Debug */,
				A8F479621CB0B1D100557B44 /* Release */,
			);
			defaultConfigurationIsVisible = 0;
			defaultConfigurationName = Release;
		};
		A8F479631CB0B1D100557B44 /* Build configuration list for PBXNativeTarget "RGPOOP" */ = {
			isa = XCConfigurationList;
			buildConfigurations = (
				A8F479641CB0B1D100557B44 /* Debug */,
				A8F479651CB0B1D100557B44 /* Release */,
			);
			defaultConfigurationIsVisible = 0;
		};
/* End XCConfigurationList section */
	};
	rootObject = A8F479491CB0B1D100557B44 /* Project object */;
}
